
Microsoft Visual Studio Solution File, Format Version 12.00
# Visual Studio Version 17
VisualStudioVersion = 17.1.32421.90
MinimumVisualStudioVersion = 10.0.40219.1
Project("{FAE04EC0-301F-11D3-BF4B-00C04F79EFBC}") = "JP_TS_11_Calc", "JP_TS_11_Calc\JP_TS_11_Calc.csproj", "{332CA485-C53C-4D42-935E-C108350D6982}"
EndProject
Global
	GlobalSection(SolutionConfigurationPlatforms) = preSolution
		Debug|Any CPU = Debug|Any CPU
		Release|Any CPU = Release|Any CPU
	EndGlobalSection
	GlobalSection(ProjectConfigurationPlatforms) = postSolution
		{332CA485-C53C-4D42-935E-C108350D6982}.Debug|Any CPU.ActiveCfg = Debug|Any CPU
		{332CA485-C53C-4D42-935E-C108350D6982}.Debug|Any CPU.Build.0 = Debug|Any CPU
		{332CA485-C53C-4D42-935E-C108350D6982}.Release|Any CPU.ActiveCfg = Release|Any CPU
		{332CA485-C53C-4D42-935E-C108350D6982}.Release|Any CPU.Build.0 = Release|Any CPU
	EndGlobalSection
	GlobalSection(SolutionProperties) = preSolution
		HideSolutionNode = FALSE
	EndGlobalSection
	GlobalSection(ExtensibilityGlobals) = postSolution
		SolutionGuid = {23685B67-24E4-4C02-9534-FA9E0256BC05}
	EndGlobalSection
EndGlobal
